
Microsoft Visual Studio Solution File, Format Version 12.00
# Visual Studio 15
Project("{FAE04EC0-301F-11D3-BF4B-00C04F79EFBC}") = "Assembly-CSharp", "Assembly-CSharp.csproj", "{444605F8-4F0E-EF9B-60AD-F6F07A2EDE72}"
EndProject
Project("{FAE04EC0-301F-11D3-BF4B-00C04F79EFBC}") = "Assembly-CSharp-Editor", "Assembly-CSharp-Editor.csproj", "{332BDA34-20BE-6D4E-C0FC-55EEDB943D40}"
EndProject
Global
	GlobalSection(SolutionConfigurationPlatforms) = preSolution
		Debug|Any CPU = Debug|Any CPU
		Release|Any CPU = Release|Any CPU
	EndGlobalSection
	GlobalSection(ProjectConfigurationPlatforms) = postSolution
		{444605F8-4F0E-EF9B-60AD-F6F07A2EDE72}.Debug|Any CPU.ActiveCfg = Debug|Any CPU
		{444605F8-4F0E-EF9B-60AD-F6F07A2EDE72}.Debug|Any CPU.Build.0 = Debug|Any CPU
		{444605F8-4F0E-EF9B-60AD-F6F07A2EDE72}.Release|Any CPU.ActiveCfg = Release|Any CPU
		{444605F8-4F0E-EF9B-60AD-F6F07A2EDE72}.Release|Any CPU.Build.0 = Release|Any CPU
		{332BDA34-20BE-6D4E-C0FC-55EEDB943D40}.Debug|Any CPU.ActiveCfg = Debug|Any CPU
		{332BDA34-20BE-6D4E-C0FC-55EEDB943D40}.Debug|Any CPU.Build.0 = Debug|Any CPU
		{332BDA34-20BE-6D4E-C0FC-55EEDB943D40}.Release|Any CPU.ActiveCfg = Release|Any CPU
		{332BDA34-20BE-6D4E-C0FC-55EEDB943D40}.Release|Any CPU.Build.0 = Release|Any CPU
	EndGlobalSection
	GlobalSection(SolutionProperties) = preSolution
		HideSolutionNode = FALSE
	EndGlobalSection
EndGlobal
